
Microsoft Visual Studio Solution File, Format Version 12.00
Project("{FAE04EC0-301F-11D3-BF4B-00C04F79EFBC}") = "Avalonia.MusicStore", "Avalonia.MusicStore\Avalonia.MusicStore.csproj", "{32581CA3-B676-4A17-BE9E-3CE5BB3F1316}"
EndProject
Global
	GlobalSection(SolutionConfigurationPlatforms) = preSolution
		Debug|Any CPU = Debug|Any CPU
		Release|Any CPU = Release|Any CPU
	EndGlobalSection
	GlobalSection(ProjectConfigurationPlatforms) = postSolution
		{32581CA3-B676-4A17-BE9E-3CE5BB3F1316}.Debug|Any CPU.ActiveCfg = Debug|Any CPU
		{32581CA3-B676-4A17-BE9E-3CE5BB3F1316}.Debug|Any CPU.Build.0 = Debug|Any CPU
		{32581CA3-B676-4A17-BE9E-3CE5BB3F1316}.Release|Any CPU.ActiveCfg = Release|Any CPU
		{32581CA3-B676-4A17-BE9E-3CE5BB3F1316}.Release|Any CPU.Build.0 = Release|Any CPU
	EndGlobalSection
EndGlobal
